<?xml version="1.0" encoding="utf-8"?>
<Project ToolsVersion="4.0" xmlns="http://schemas.microsoft.com/developer/msbuild/2003">
  <ItemGroup>
    <Filter Include="Source Files">
      <UniqueIdentifier>{4FC737F1-C7A5-4376-A066-2A32D752A2FF}</UniqueIdentifier>
      <Extensions>cpp;c;cc;cxx;c++;cppm;ixx;def;odl;idl;hpj;bat;asm;asmx</Extensions>
    </Filter>
    <Filter Include="Header Files">
      <UniqueIdentifier>{93995380-89BD-4b04-88EB-625FBE52EBFB}</UniqueIdentifier>
      <Extensions>h;hh;hpp;hxx;h++;hm;inl;inc;ipp;xsd</Extensions>
    </Filter>
    <Filter Include="Resource Files">
      <UniqueIdentifier>{67DA6AB6-F800-4c08-8B7A-83BB121AAD01}</UniqueIdentifier>
      <Extensions>rc;ico;cur;bmp;dlg;rc2;rct;bin;rgs;gif;jpg;jpeg;jpe;resx;tiff;tif;png;wav;mfcribbon-ms</Extensions>
    </Filter>
    <Filter Include="Source Files\src">
      <UniqueIdentifier>{0ae04849-c825-4142-a16f-4182e2387425}</UniqueIdentifier>
    </Filter>
    <Filter Include="Source Files\external">
      <UniqueIdentifier>{44c10ce8-3fd5-438b-b89f-396ce3a2e498}</UniqueIdentifier>
    </Filter>
    <Filter Include="Source Files\external\glad">
      <UniqueIdentifier>{3a4dc99c-3598-48b5-b9e8-bc83a62de250}</UniqueIdentifier>
    </Filter>
    <Filter Include="Source Files\include">
      <UniqueIdentifier>{d9a0c742-c2eb-42cc-878d-1444f7b0465a}</UniqueIdentifier>
    </Filter>
  </ItemGroup>
  <ItemGroup>
    <ClCompile Include="src\main.cpp">
      <Filter>Source Files\src</Filter>
    </ClCompile>
    <ClCompile Include="external\shared\glad\src\glad.c">
      <Filter>Source Files\external\glad</Filter>
    </ClCompile>
    <ClCompile Include="src\application.cpp">
      <Filter>Source Files\src</Filter>
    </ClCompile>
    <ClCompile Include="src\mesh.cpp">
      <Filter>Source Files\src</Filter>
    </ClCompile>
    <ClCompile Include="src\shader.cpp">
      <Filter>Source Files\src</Filter>
    </ClCompile>
  </ItemGroup>
  <ItemGroup>
    <ClInclude Include="include\application.h">
      <Filter>Source Files\include</Filter>
    </ClInclude>
    <ClInclude Include="include\mesh.h">
      <Filter>Source Files\include</Filter>
    </ClInclude>
    <ClInclude Include="include\types.h">
      <Filter>Source Files\include</Filter>
    </ClInclude>
    <ClInclude Include="include\shader.h">
      <Filter>Source Files\include</Filter>
    </ClInclude>
  </ItemGroup>
</Project>